{
    "_readme": [
        "This file locks the dependencies of your project to a known state",
        "Read more about it at https://getcomposer.org/doc/01-basic-usage.md#installing-dependencies",
        "This file is @generated automatically"
    ],
    "content-hash": "ac55030bc9483e27482cfb82072ff47c",
    "packages": [
        {
            "name": "leafo/scssphp",
            "version": "v0.7.6",
            "source": {
                "type": "git",
                "url": "https://github.com/leafo/scssphp.git",
                "reference": "585f6ae84de62ffecf69c23805f25d78d7e4b794"
            },
            "dist": {
                "type": "zip",
                "url": "https://api.github.com/repos/leafo/scssphp/zipball/585f6ae84de62ffecf69c23805f25d78d7e4b794",
                "reference": "585f6ae84de62ffecf69c23805f25d78d7e4b794",
                "shasum": ""
            },
            "require": {
                "php": ">=5.4.0"
            },
            "require-dev": {
                "phpunit/phpunit": "~4.6",
                "squizlabs/php_codesniffer": "~2.5"
            },
            "bin": [
                "bin/pscss"
            ],
            "type": "library",
            "autoload": {
                "psr-4": {
                    "Leafo\\ScssPhp\\": "src/"
                }
            },
            "notification-url": "https://packagist.org/downloads/",
            "license": [
                "MIT"
            ],
            "authors": [
                {
                    "name": "Leaf Corcoran",
                    "email": "leafot@gmail.com",
                    "homepage": "http://leafo.net"
                }
            ],
            "description": "scssphp is a compiler for SCSS written in PHP.",
            "homepage": "http://leafo.github.io/scssphp/",
            "keywords": [
                "css",
                "less",
                "sass",
                "scss",
                "stylesheet"
            ],
            "time": "2018-05-24T02:18:53+00:00"
        }
    ],
    "packages-dev": [],
    "aliases": [],
    "minimum-stability": "stable",
    "stability-flags": [],
    "prefer-stable": false,
    "prefer-lowest": false,
    "platform": [],
    "platform-dev": []
}
